// !$*UTF8*$!
{
	archiveVersion = 1;
	classes = {
	};
	objectVersion = 51;
	objects = {

/* Begin PBXBuildFile section */
		50AD50F54765A99DE0C29BBF /* Pods_Jet2TT.framework in Frameworks */ = {isa = PBXBuildFile; fileRef = FCEF724C990FB78E7E1E1F60 /* Pods_Jet2TT.framework */; };
		6971FF1524976FD000A86630 /* AppDelegate.swift in Sources */ = {isa = PBXBuildFile; fileRef = 6971FF1424976FD000A86630 /* AppDelegate.swift */; };
		6971FF1724976FD000A86630 /* SceneDelegate.swift in Sources */ = {isa = PBXBuildFile; fileRef = 6971FF1624976FD000A86630 /* SceneDelegate.swift */; };
		6971FF1924976FD000A86630 /* ViewController.swift in Sources */ = {isa = PBXBuildFile; fileRef = 6971FF1824976FD000A86630 /* ViewController.swift */; };
		6971FF1C24976FD000A86630 /* Main.storyboard in Resources */ = {isa = PBXBuildFile; fileRef = 6971FF1A24976FD000A86630 /* Main.storyboard */; };
		6971FF1E24976FD300A86630 /* Assets.xcassets in Resources */ = {isa = PBXBuildFile; fileRef = 6971FF1D24976FD300A86630 /* Assets.xcassets */; };
		6971FF2124976FD300A86630 /* LaunchScreen.storyboard in Resources */ = {isa = PBXBuildFile; fileRef = 6971FF1F24976FD300A86630 /* LaunchScreen.storyboard */; };
		69E3EC09249872140070106A /* ArticleTableViewCell.swift in Sources */ = {isa = PBXBuildFile; fileRef = 69E3EC07249872140070106A /* ArticleTableViewCell.swift */; };
		69E3EC0A249872140070106A /* ArticleTableViewCell.xib in Resources */ = {isa = PBXBuildFile; fileRef = 69E3EC08249872140070106A /* ArticleTableViewCell.xib */; };
		69E3EC0C249897050070106A /* Theme.swift in Sources */ = {isa = PBXBuildFile; fileRef = 69E3EC0B249897050070106A /* Theme.swift */; };
		69E3EC102498A9BD0070106A /* ArticleDataModel.swift in Sources */ = {isa = PBXBuildFile; fileRef = 69E3EC0F2498A9BD0070106A /* ArticleDataModel.swift */; };
		69E3EC142498AC4A0070106A /* Constant.swift in Sources */ = {isa = PBXBuildFile; fileRef = 69E3EC132498AC4A0070106A /* Constant.swift */; };
		69E3EC172498B5F30070106A /* Date.swift in Sources */ = {isa = PBXBuildFile; fileRef = 69E3EC162498B5F30070106A /* Date.swift */; };
		69E3EC19249919140070106A /* NetWorkManager.swift in Sources */ = {isa = PBXBuildFile; fileRef = 69E3EC18249919140070106A /* NetWorkManager.swift */; };
		69E3EC1B24991BA70070106A /* ArticleViewModel.swift in Sources */ = {isa = PBXBuildFile; fileRef = 69E3EC1A24991BA70070106A /* ArticleViewModel.swift */; };
/* End PBXBuildFile section */

/* Begin PBXFileReference section */
		6971FF1124976FD000A86630 /* Jet2TT.app */ = {isa = PBXFileReference; explicitFileType = wrapper.application; includeInIndex = 0; path = Jet2TT.app; sourceTree = BUILT_PRODUCTS_DIR; };
		6971FF1424976FD000A86630 /* AppDelegate.swift */ = {isa = PBXFileReference; lastKnownFileType = sourcecode.swift; path = AppDelegate.swift; sourceTree = "<group>"; };
		6971FF1624976FD000A86630 /* SceneDelegate.swift */ = {isa = PBXFileReference; lastKnownFileType = sourcecode.swift; path = SceneDelegate.swift; sourceTree = "<group>"; };
		6971FF1824976FD000A86630 /* ViewController.swift */ = {isa = PBXFileReference; lastKnownFileType = sourcecode.swift; path = ViewController.swift; sourceTree = "<group>"; };
		6971FF1B24976FD000A86630 /* Base */ = {isa = PBXFileReference; lastKnownFileType = file.storyboard; name = Base; path = Base.lproj/Main.storyboard; sourceTree = "<group>"; };
		6971FF1D24976FD300A86630 /* Assets.xcassets */ = {isa = PBXFileReference; lastKnownFileType = folder.assetcatalog; path = Assets.xcassets; sourceTree = "<group>"; };
		6971FF2024976FD300A86630 /* Base */ = {isa = PBXFileReference; lastKnownFileType = file.storyboard; name = Base; path = Base.lproj/LaunchScreen.storyboard; sourceTree = "<group>"; };
		6971FF2224976FD300A86630 /* Info.plist */ = {isa = PBXFileReference; lastKnownFileType = text.plist.xml; path = Info.plist; sourceTree = "<group>"; };
		69E3EC07249872140070106A /* ArticleTableViewCell.swift */ = {isa = PBXFileReference; lastKnownFileType = sourcecode.swift; path = ArticleTableViewCell.swift; sourceTree = "<group>"; };
		69E3EC08249872140070106A /* ArticleTableViewCell.xib */ = {isa = PBXFileReference; lastKnownFileType = file.xib; path = ArticleTableViewCell.xib; sourceTree = "<group>"; };
		69E3EC0B249897050070106A /* Theme.swift */ = {isa = PBXFileReference; lastKnownFileType = sourcecode.swift; path = Theme.swift; sourceTree = "<group>"; };
		69E3EC0F2498A9BD0070106A /* ArticleDataModel.swift */ = {isa = PBXFileReference; lastKnownFileType = sourcecode.swift; path = ArticleDataModel.swift; sourceTree = "<group>"; };
		69E3EC132498AC4A0070106A /* Constant.swift */ = {isa = PBXFileReference; lastKnownFileType = sourcecode.swift; path = Constant.swift; sourceTree = "<group>"; };
		69E3EC162498B5F30070106A /* Date.swift */ = {isa = PBXFileReference; lastKnownFileType = sourcecode.swift; path = Date.swift; sourceTree = "<group>"; };
		69E3EC18249919140070106A /* NetWorkManager.swift */ = {isa = PBXFileReference; fileEncoding = 4; lastKnownFileType = sourcecode.swift; path = NetWorkManager.swift; sourceTree = "<group>"; };
		69E3EC1A24991BA70070106A /* ArticleViewModel.swift */ = {isa = PBXFileReference; fileEncoding = 4; lastKnownFileType = sourcecode.swift; path = ArticleViewModel.swift; sourceTree = "<group>"; };
		C27315A3545CA154A82BA2C3 /* Pods-Jet2TT.release.xcconfig */ = {isa = PBXFileReference; includeInIndex = 1; lastKnownFileType = text.xcconfig; name = "Pods-Jet2TT.release.xcconfig"; path = "Target Support Files/Pods-Jet2TT/Pods-Jet2TT.release.xcconfig"; sourceTree = "<group>"; };
		F3774D74F15032B1A6B855E4 /* Pods-Jet2TT.debug.xcconfig */ = {isa = PBXFileReference; includeInIndex = 1; lastKnownFileType = text.xcconfig; name = "Pods-Jet2TT.debug.xcconfig"; path = "Target Support Files/Pods-Jet2TT/Pods-Jet2TT.debug.xcconfig"; sourceTree = "<group>"; };
		FCEF724C990FB78E7E1E1F60 /* Pods_Jet2TT.framework */ = {isa = PBXFileReference; explicitFileType = wrapper.framework; includeInIndex = 0; path = Pods_Jet2TT.framework; sourceTree = BUILT_PRODUCTS_DIR; };
/* End PBXFileReference section */

/* Begin PBXFrameworksBuildPhase section */
		6971FF0E24976FD000A86630 /* Frameworks */ = {
			isa = PBXFrameworksBuildPhase;
			buildActionMask = 2147483647;
			files = (
				50AD50F54765A99DE0C29BBF /* Pods_Jet2TT.framework in Frameworks */,
			);
			runOnlyForDeploymentPostprocessing = 0;
		};
/* End PBXFrameworksBuildPhase section */

/* Begin PBXGroup section */
		6971FF0824976FD000A86630 = {
			isa = PBXGroup;
			children = (
				6971FF1324976FD000A86630 /* Jet2TT */,
				6971FF1224976FD000A86630 /* Products */,
				870D12D6BB547BC91D38BC00 /* Pods */,
				EED1D9E89A48EB5BE392A1DD /* Frameworks */,
			);
			sourceTree = "<group>";
		};
		6971FF1224976FD000A86630 /* Products */ = {
			isa = PBXGroup;
			children = (
				6971FF1124976FD000A86630 /* Jet2TT.app */,
			);
			name = Products;
			sourceTree = "<group>";
		};
		6971FF1324976FD000A86630 /* Jet2TT */ = {
			isa = PBXGroup;
			children = (
				6971FF1424976FD000A86630 /* AppDelegate.swift */,
				6971FF1624976FD000A86630 /* SceneDelegate.swift */,
				6971FF282497818B00A86630 /* View */,
				6971FF292497819D00A86630 /* Model */,
				6971FF2A249781B000A86630 /* ViewModel */,
				6971FF2B249781BC00A86630 /* Services */,
				69E3EC152498B5D50070106A /* Extentions */,
				6971FF1824976FD000A86630 /* ViewController.swift */,
				6971FF1A24976FD000A86630 /* Main.storyboard */,
				6971FF1D24976FD300A86630 /* Assets.xcassets */,
				6971FF1F24976FD300A86630 /* LaunchScreen.storyboard */,
				6971FF2224976FD300A86630 /* Info.plist */,
			);
			path = Jet2TT;
			sourceTree = "<group>";
		};
		6971FF282497818B00A86630 /* View */ = {
			isa = PBXGroup;
			children = (
				69E3EC07249872140070106A /* ArticleTableViewCell.swift */,
				69E3EC08249872140070106A /* ArticleTableViewCell.xib */,
			);
			path = View;
			sourceTree = "<group>";
		};
		6971FF292497819D00A86630 /* Model */ = {
			isa = PBXGroup;
			children = (
				69E3EC0F2498A9BD0070106A /* ArticleDataModel.swift */,
			);
			path = Model;
			sourceTree = "<group>";
		};
		6971FF2A249781B000A86630 /* ViewModel */ = {
			isa = PBXGroup;
			children = (
				69E3EC1A24991BA70070106A /* ArticleViewModel.swift */,
			);
			path = ViewModel;
			sourceTree = "<group>";
		};
		6971FF2B249781BC00A86630 /* Services */ = {
			isa = PBXGroup;
			children = (
				69E3EC18249919140070106A /* NetWorkManager.swift */,
				69E3EC0B249897050070106A /* Theme.swift */,
				69E3EC132498AC4A0070106A /* Constant.swift */,
			);
			path = Services;
			sourceTree = "<group>";
		};
		69E3EC152498B5D50070106A /* Extentions */ = {
			isa = PBXGroup;
			children = (
				69E3EC162498B5F30070106A /* Date.swift */,
			);
			path = Extentions;
			sourceTree = "<group>";
		};
		870D12D6BB547BC91D38BC00 /* Pods */ = {
			isa = PBXGroup;
			children = (
				F3774D74F15032B1A6B855E4 /* Pods-Jet2TT.debug.xcconfig */,
				C27315A3545CA154A82BA2C3 /* Pods-Jet2TT.release.xcconfig */,
			);
			path = Pods;
			sourceTree = "<group>";
		};
		EED1D9E89A48EB5BE392A1DD /* Frameworks */ = {
			isa = PBXGroup;
			children = (
				FCEF724C990FB78E7E1E1F60 /* Pods_Jet2TT.framework */,
			);
			name = Frameworks;
			sourceTree = "<group>";
		};
/* End PBXGroup section */

/* Begin PBXNativeTarget section */
		6971FF1024976FD000A86630 /* Jet2TT */ = {
			isa = PBXNativeTarget;
			buildConfigurationList = 6971FF2524976FD300A86630 /* Build configuration list for PBXNativeTarget "Jet2TT" */;
			buildPhases = (
				0BFE7D06AC2CBB3DB64F65C3 /* [CP] Check Pods Manifest.lock */,
				6971FF0D24976FD000A86630 /* Sources */,
				6971FF0E24976FD000A86630 /* Frameworks */,
				6971FF0F24976FD000A86630 /* Resources */,
				1199993F8AF3058D4D464902 /* [CP] Embed Pods Frameworks */,
			);
			buildRules = (
			);
			dependencies = (
			);
			name = Jet2TT;
			productName = Jet2TT;
			productReference = 6971FF1124976FD000A86630 /* Jet2TT.app */;
			productType = "com.apple.product-type.application";
		};
/* End PBXNativeTarget section */

/* Begin PBXProject section */
		6971FF0924976FD000A86630 /* Project object */ = {
			isa = PBXProject;
			attributes = {
				LastSwiftUpdateCheck = 1100;
				LastUpgradeCheck = 1100;
				ORGANIZATIONNAME = "Dhanraj Bhandari";
				TargetAttributes = {
					6971FF1024976FD000A86630 = {
						CreatedOnToolsVersion = 11.0;
					};
				};
			};
			buildConfigurationList = 6971FF0C24976FD000A86630 /* Build configuration list for PBXProject "Jet2TT" */;
			compatibilityVersion = "Xcode 9.3";
			developmentRegion = en;
			hasScannedForEncodings = 0;
			knownRegions = (
				en,
				Base,
			);
			mainGroup = 6971FF0824976FD000A86630;
			productRefGroup = 6971FF1224976FD000A86630 /* Products */;
			projectDirPath = "";
			projectRoot = "";
			targets = (
				6971FF1024976FD000A86630 /* Jet2TT */,
			);
		};
/* End PBXProject section */

/* Begin PBXResourcesBuildPhase section */
		6971FF0F24976FD000A86630 /* Resources */ = {
			isa = PBXResourcesBuildPhase;
			buildActionMask = 2147483647;
			files = (
				69E3EC0A249872140070106A /* ArticleTableViewCell.xib in Resources */,
				6971FF2124976FD300A86630 /* LaunchScreen.storyboard in Resources */,
				6971FF1E24976FD300A86630 /* Assets.xcassets in Resources */,
				6971FF1C24976FD000A86630 /* Main.storyboard in Resources */,
			);
			runOnlyForDeploymentPostprocessing = 0;
		};
/* End PBXResourcesBuildPhase section */

/* Begin PBXShellScriptBuildPhase section */
		0BFE7D06AC2CBB3DB64F65C3 /* [CP] Check Pods Manifest.lock */ = {
			isa = PBXShellScriptBuildPhase;
			buildActionMask = 2147483647;
			files = (
			);
			inputFileListPaths = (
			);
			inputPaths = (
				"${PODS_PODFILE_DIR_PATH}/Podfile.lock",
				"${PODS_ROOT}/Manifest.lock",
			);
			name = "[CP] Check Pods Manifest.lock";
			outputFileListPaths = (
			);
			outputPaths = (
				"$(DERIVED_FILE_DIR)/Pods-Jet2TT-checkManifestLockResult.txt",
			);
			runOnlyForDeploymentPostprocessing = 0;
			shellPath = /bin/sh;
			shellScript = "diff \"${PODS_PODFILE_DIR_PATH}/Podfile.lock\" \"${PODS_ROOT}/Manifest.lock\" > /dev/null\nif [ $? != 0 ] ; then\n    # print error to STDERR\n    echo \"error: The sandbox is not in sync with the Podfile.lock. Run 'pod install' or update your CocoaPods installation.\" >&2\n    exit 1\nfi\n# This output is used by Xcode 'outputs' to avoid re-running this script phase.\necho \"SUCCESS\" > \"${SCRIPT_OUTPUT_FILE_0}\"\n";
			showEnvVarsInLog = 0;
		};
		1199993F8AF3058D4D464902 /* [CP] Embed Pods Frameworks */ = {
			isa = PBXShellScriptBuildPhase;
			buildActionMask = 2147483647;
			files = (
			);
			inputFileListPaths = (
				"${PODS_ROOT}/Target Support Files/Pods-Jet2TT/Pods-Jet2TT-frameworks-${CONFIGURATION}-input-files.xcfilelist",
			);
			name = "[CP] Embed Pods Frameworks";
			outputFileListPaths = (
				"${PODS_ROOT}/Target Support Files/Pods-Jet2TT/Pods-Jet2TT-frameworks-${CONFIGURATION}-output-files.xcfilelist",
			);
			runOnlyForDeploymentPostprocessing = 0;
			shellPath = /bin/sh;
			shellScript = "\"${PODS_ROOT}/Target Support Files/Pods-Jet2TT/Pods-Jet2TT-frameworks.sh\"\n";
			showEnvVarsInLog = 0;
		};
/* End PBXShellScriptBuildPhase section */

/* Begin PBXSourcesBuildPhase section */
		6971FF0D24976FD000A86630 /* Sources */ = {
			isa = PBXSourcesBuildPhase;
			buildActionMask = 2147483647;
			files = (
				69E3EC19249919140070106A /* NetWorkManager.swift in Sources */,
				69E3EC09249872140070106A /* ArticleTableViewCell.swift in Sources */,
				69E3EC172498B5F30070106A /* Date.swift in Sources */,
				69E3EC1B24991BA70070106A /* ArticleViewModel.swift in Sources */,
				6971FF1924976FD000A86630 /* ViewController.swift in Sources */,
				69E3EC142498AC4A0070106A /* Constant.swift in Sources */,
				69E3EC0C249897050070106A /* Theme.swift in Sources */,
				69E3EC102498A9BD0070106A /* ArticleDataModel.swift in Sources */,
				6971FF1524976FD000A86630 /* AppDelegate.swift in Sources */,
				6971FF1724976FD000A86630 /* SceneDelegate.swift in Sources */,
			);
			runOnlyForDeploymentPostprocessing = 0;
		};
/* End PBXSourcesBuildPhase section */

/* Begin PBXVariantGroup section */
		6971FF1A24976FD000A86630 /* Main.storyboard */ = {
			isa = PBXVariantGroup;
			children = (
				6971FF1B24976FD000A86630 /* Base */,
			);
			name = Main.storyboard;
			sourceTree = "<group>";
		};
		6971FF1F24976FD300A86630 /* LaunchScreen.storyboard */ = {
			isa = PBXVariantGroup;
			children = (
				6971FF2024976FD300A86630 /* Base */,
			);
			name = LaunchScreen.storyboard;
			sourceTree = "<group>";
		};
/* End PBXVariantGroup section */

/* Begin XCBuildConfiguration section */
		6971FF2324976FD300A86630 /* Debug */ = {
			isa = XCBuildConfiguration;
			buildSettings = {
				ALWAYS_SEARCH_USER_PATHS = NO;
				CLANG_ANALYZER_NONNULL = YES;
				CLANG_ANALYZER_NUMBER_OBJECT_CONVERSION = YES_AGGRESSIVE;
				CLANG_CXX_LANGUAGE_STANDARD = "gnu++14";
				CLANG_CXX_LIBRARY = "libc++";
				CLANG_ENABLE_MODULES = YES;
				CLANG_ENABLE_OBJC_ARC = YES;
				CLANG_ENABLE_OBJC_WEAK = YES;
				CLANG_WARN_BLOCK_CAPTURE_AUTORELEASING = YES;
				CLANG_WARN_BOOL_CONVERSION = YES;
				CLANG_WARN_COMMA = YES;
				CLANG_WARN_CONSTANT_CONVERSION = YES;
				CLANG_WARN_DEPRECATED_OBJC_IMPLEMENTATIONS = YES;
				CLANG_WARN_DIRECT_OBJC_ISA_USAGE = YES_ERROR;
				CLANG_WARN_DOCUMENTATION_COMMENTS = YES;
				CLANG_WARN_EMPTY_BODY = YES;
				CLANG_WARN_ENUM_CONVERSION = YES;
				CLANG_WARN_INFINITE_RECURSION = YES;
				CLANG_WARN_INT_CONVERSION = YES;
				CLANG_WARN_NON_LITERAL_NULL_CONVERSION = YES;
				CLANG_WARN_OBJC_IMPLICIT_RETAIN_SELF = YES;
				CLANG_WARN_OBJC_LITERAL_CONVERSION = YES;
				CLANG_WARN_OBJC_ROOT_CLASS = YES_ERROR;
				CLANG_WARN_RANGE_LOOP_ANALYSIS = YES;
				CLANG_WARN_STRICT_PROTOTYPES = YES;
				CLANG_WARN_SUSPICIOUS_MOVE = YES;
				CLANG_WARN_UNGUARDED_AVAILABILITY = YES_AGGRESSIVE;
				CLANG_WARN_UNREACHABLE_CODE = YES;
				CLANG_WARN__DUPLICATE_METHOD_MATCH = YES;
				COPY_PHASE_STRIP = NO;
				DEBUG_INFORMATION_FORMAT = dwarf;
				ENABLE_STRICT_OBJC_MSGSEND = YES;
				ENABLE_TESTABILITY = YES;
				GCC_C_LANGUAGE_STANDARD = gnu11;
				GCC_DYNAMIC_NO_PIC = NO;
				GCC_NO_COMMON_BLOCKS = YES;
				GCC_OPTIMIZATION_LEVEL = 0;
				GCC_PREPROCESSOR_DEFINITIONS = (
					"DEBUG=1",
					"$(inherited)",
				);
				GCC_WARN_64_TO_32_BIT_CONVERSION = YES;
				GCC_WARN_ABOUT_RETURN_TYPE = YES_ERROR;
				GCC_WARN_UNDECLARED_SELECTOR = YES;
				GCC_WARN_UNINITIALIZED_AUTOS = YES_AGGRESSIVE;
				GCC_WARN_UNUSED_FUNCTION = YES;
				GCC_WARN_UNUSED_VARIABLE = YES;
				IPHONEOS_DEPLOYMENT_TARGET = 13.0;
				MTL_ENABLE_DEBUG_INFO = INCLUDE_SOURCE;
				MTL_FAST_MATH = YES;
				ONLY_ACTIVE_ARCH = YES;
				SDKROOT = iphoneos;
				SWIFT_ACTIVE_COMPILATION_CONDITIONS = DEBUG;
				SWIFT_OPTIMIZATION_LEVEL = "-Onone";
			};
			name = Debug;
		};
		6971FF2424976FD300A86630 /* Release */ = {
			isa = XCBuildConfiguration;
			buildSettings = {
				ALWAYS_SEARCH_USER_PATHS = NO;
				CLANG_ANALYZER_NONNULL = YES;
				CLANG_ANALYZER_NUMBER_OBJECT_CONVERSION = YES_AGGRESSIVE;
				CLANG_CXX_LANGUAGE_STANDARD = "gnu++14";
				CLANG_CXX_LIBRARY = "libc++";
				CLANG_ENABLE_MODULES = YES;
				CLANG_ENABLE_OBJC_ARC = YES;
				CLANG_ENABLE_OBJC_WEAK = YES;
				CLANG_WARN_BLOCK_CAPTURE_AUTORELEASING = YES;
				CLANG_WARN_BOOL_CONVERSION = YES;
				CLANG_WARN_COMMA = YES;
				CLANG_WARN_CONSTANT_CONVERSION = YES;
				CLANG_WARN_DEPRECATED_OBJC_IMPLEMENTATIONS = YES;
				CLANG_WARN_DIRECT_OBJC_ISA_USAGE = YES_ERROR;
				CLANG_WARN_DOCUMENTATION_COMMENTS = YES;
				CLANG_WARN_EMPTY_BODY = YES;
				CLANG_WARN_ENUM_CONVERSION = YES;
				CLANG_WARN_INFINITE_RECURSION = YES;
				CLANG_WARN_INT_CONVERSION = YES;
				CLANG_WARN_NON_LITERAL_NULL_CONVERSION = YES;
				CLANG_WARN_OBJC_IMPLICIT_RETAIN_SELF = YES;
				CLANG_WARN_OBJC_LITERAL_CONVERSION = YES;
				CLANG_WARN_OBJC_ROOT_CLASS = YES_ERROR;
				CLANG_WARN_RANGE_LOOP_ANALYSIS = YES;
				CLANG_WARN_STRICT_PROTOTYPES = YES;
				CLANG_WARN_SUSPICIOUS_MOVE = YES;
				CLANG_WARN_UNGUARDED_AVAILABILITY = YES_AGGRESSIVE;
				CLANG_WARN_UNREACHABLE_CODE = YES;
				CLANG_WARN__DUPLICATE_METHOD_MATCH = YES;
				COPY_PHASE_STRIP = NO;
				DEBUG_INFORMATION_FORMAT = "dwarf-with-dsym";
				ENABLE_NS_ASSERTIONS = NO;
				ENABLE_STRICT_OBJC_MSGSEND = YES;
				GCC_C_LANGUAGE_STANDARD = gnu11;
				GCC_NO_COMMON_BLOCKS = YES;
				GCC_WARN_64_TO_32_BIT_CONVERSION = YES;
				GCC_WARN_ABOUT_RETURN_TYPE = YES_ERROR;
				GCC_WARN_UNDECLARED_SELECTOR = YES;
				GCC_WARN_UNINITIALIZED_AUTOS = YES_AGGRESSIVE;
				GCC_WARN_UNUSED_FUNCTION = YES;
				GCC_WARN_UNUSED_VARIABLE = YES;
				IPHONEOS_DEPLOYMENT_TARGET = 13.0;
				MTL_ENABLE_DEBUG_INFO = NO;
				MTL_FAST_MATH = YES;
				SDKROOT = iphoneos;
				SWIFT_COMPILATION_MODE = wholemodule;
				SWIFT_OPTIMIZATION_LEVEL = "-O";
				VALIDATE_PRODUCT = YES;
			};
			name = Release;
		};
		6971FF2624976FD300A86630 /* Debug */ = {
			isa = XCBuildConfiguration;
			baseConfigurationReference = F3774D74F15032B1A6B855E4 /* Pods-Jet2TT.debug.xcconfig */;
			buildSettings = {
				ASSETCATALOG_COMPILER_APPICON_NAME = AppIcon;
				CODE_SIGN_STYLE = Automatic;
				INFOPLIST_FILE = Jet2TT/Info.plist;
				LD_RUNPATH_SEARCH_PATHS = (
					"$(inherited)",
					"@executable_path/Frameworks",
				);
				PRODUCT_BUNDLE_IDENTIFIER = com.demo.Jet2TT;
				PRODUCT_NAME = "$(TARGET_NAME)";
				SWIFT_VERSION = 5.0;
				TARGETED_DEVICE_FAMILY = "1,2";
			};
			name = Debug;
		};
		6971FF2724976FD300A86630 /* Release */ = {
			isa = XCBuildConfiguration;
			baseConfigurationReference = C27315A3545CA154A82BA2C3 /* Pods-Jet2TT.release.xcconfig */;
			buildSettings = {
				ASSETCATALOG_COMPILER_APPICON_NAME = AppIcon;
				CODE_SIGN_STYLE = Automatic;
				INFOPLIST_FILE = Jet2TT/Info.plist;
				LD_RUNPATH_SEARCH_PATHS = (
					"$(inherited)",
					"@executable_path/Frameworks",
				);
				PRODUCT_BUNDLE_IDENTIFIER = com.demo.Jet2TT;
				PRODUCT_NAME = "$(TARGET_NAME)";
				SWIFT_VERSION = 5.0;
				TARGETED_DEVICE_FAMILY = "1,2";
			};
			name = Release;
		};
/* End XCBuildConfiguration section */

/* Begin XCConfigurationList section */
		6971FF0C24976FD000A86630 /* Build configuration list for PBXProject "Jet2TT" */ = {
			isa = XCConfigurationList;
			buildConfigurations = (
				6971FF2324976FD300A86630 /* Debug */,
				6971FF2424976FD300A86630 /* Release */,
			);
			defaultConfigurationIsVisible = 0;
			defaultConfigurationName = Release;
		};
		6971FF2524976FD300A86630 /* Build configuration list for PBXNativeTarget "Jet2TT" */ = {
			isa = XCConfigurationList;
			buildConfigurations = (
				6971FF2624976FD300A86630 /* Debug */,
				6971FF2724976FD300A86630 /* Release */,
			);
			defaultConfigurationIsVisible = 0;
			defaultConfigurationName = Release;
		};
/* End XCConfigurationList section */
	};
	rootObject = 6971FF0924976FD000A86630 /* Project object */;
}
